
Microsoft Visual Studio Solution File, Format Version 12.00
# Visual Studio Version 17
VisualStudioVersion = 17.8.34322.80
MinimumVisualStudioVersion = 10.0.40219.1
Project("{9A19103F-16F7-4668-BE54-9A1E7A4F7556}") = "CBTDWeb", "CBTDWeb\CBTDWeb.csproj", "{58C58DCF-8777-4DB2-80E8-80A77D25AD02}"
EndProject
Project("{9A19103F-16F7-4668-BE54-9A1E7A4F7556}") = "Infrastructure", "Infrastructure\Infrastructure.csproj", "{B95483E4-5088-4F25-9AE1-F24CF315487C}"
EndProject
Project("{9A19103F-16F7-4668-BE54-9A1E7A4F7556}") = "DataAccess", "DataAccess\DataAccess.csproj", "{59F8BFB4-CFF3-49D7-A0C3-14C0B81FA94C}"
EndProject
Project("{9A19103F-16F7-4668-BE54-9A1E7A4F7556}") = "Utility", "Utility\Utility.csproj", "{8487EC23-D740-4436-AF71-C9060873510D}"
EndProject
Global
	GlobalSection(SolutionConfigurationPlatforms) = preSolution
		Debug|Any CPU = Debug|Any CPU
		Release|Any CPU = Release|Any CPU
	EndGlobalSection
	GlobalSection(ProjectConfigurationPlatforms) = postSolution
		{58C58DCF-8777-4DB2-80E8-80A77D25AD02}.Debug|Any CPU.ActiveCfg = Debug|Any CPU
		{58C58DCF-8777-4DB2-80E8-80A77D25AD02}.Debug|Any CPU.Build.0 = Debug|Any CPU
		{58C58DCF-8777-4DB2-80E8-80A77D25AD02}.Release|Any CPU.ActiveCfg = Release|Any CPU
		{58C58DCF-8777-4DB2-80E8-80A77D25AD02}.Release|Any CPU.Build.0 = Release|Any CPU
		{B95483E4-5088-4F25-9AE1-F24CF315487C}.Debug|Any CPU.ActiveCfg = Debug|Any CPU
		{B95483E4-5088-4F25-9AE1-F24CF315487C}.Debug|Any CPU.Build.0 = Debug|Any CPU
		{B95483E4-5088-4F25-9AE1-F24CF315487C}.Release|Any CPU.ActiveCfg = Release|Any CPU
		{B95483E4-5088-4F25-9AE1-F24CF315487C}.Release|Any CPU.Build.0 = Release|Any CPU
		{59F8BFB4-CFF3-49D7-A0C3-14C0B81FA94C}.Debug|Any CPU.ActiveCfg = Debug|Any CPU
		{59F8BFB4-CFF3-49D7-A0C3-14C0B81FA94C}.Debug|Any CPU.Build.0 = Debug|Any CPU
		{59F8BFB4-CFF3-49D7-A0C3-14C0B81FA94C}.Release|Any CPU.ActiveCfg = Release|Any CPU
		{59F8BFB4-CFF3-49D7-A0C3-14C0B81FA94C}.Release|Any CPU.Build.0 = Release|Any CPU
		{8487EC23-D740-4436-AF71-C9060873510D}.Debug|Any CPU.ActiveCfg = Debug|Any CPU
		{8487EC23-D740-4436-AF71-C9060873510D}.Debug|Any CPU.Build.0 = Debug|Any CPU
		{8487EC23-D740-4436-AF71-C9060873510D}.Release|Any CPU.ActiveCfg = Release|Any CPU
		{8487EC23-D740-4436-AF71-C9060873510D}.Release|Any CPU.Build.0 = Release|Any CPU
	EndGlobalSection
	GlobalSection(SolutionProperties) = preSolution
		HideSolutionNode = FALSE
	EndGlobalSection
	GlobalSection(ExtensibilityGlobals) = postSolution
		SolutionGuid = {FD4F338F-21FF-43ED-BE58-3C331A125D36}
	EndGlobalSection
EndGlobal
